
Microsoft Visual Studio Solution File, Format Version 12.00
# Visual Studio Version 16
VisualStudioVersion = 16.0.30309.148
MinimumVisualStudioVersion = 10.0.40219.1
Project("{FAE04EC0-301F-11D3-BF4B-00C04F79EFBC}") = "MedicineTrackingSystem", "MedicineTrackingSystem\MedicineTrackingSystem.csproj", "{C4701563-575D-4A6D-ADA9-2565FBBC1FBC}"
EndProject
Global
	GlobalSection(SolutionConfigurationPlatforms) = preSolution
		Debug|Any CPU = Debug|Any CPU
		Release|Any CPU = Release|Any CPU
	EndGlobalSection
	GlobalSection(ProjectConfigurationPlatforms) = postSolution
		{C4701563-575D-4A6D-ADA9-2565FBBC1FBC}.Debug|Any CPU.ActiveCfg = Debug|Any CPU
		{C4701563-575D-4A6D-ADA9-2565FBBC1FBC}.Debug|Any CPU.Build.0 = Debug|Any CPU
		{C4701563-575D-4A6D-ADA9-2565FBBC1FBC}.Release|Any CPU.ActiveCfg = Release|Any CPU
		{C4701563-575D-4A6D-ADA9-2565FBBC1FBC}.Release|Any CPU.Build.0 = Release|Any CPU
	EndGlobalSection
	GlobalSection(SolutionProperties) = preSolution
		HideSolutionNode = FALSE
	EndGlobalSection
	GlobalSection(ExtensibilityGlobals) = postSolution
		SolutionGuid = {C6406F44-D0B5-4C0D-9774-4C758380A000}
	EndGlobalSection
EndGlobal
